
Microsoft Visual Studio Solution File, Format Version 12.00
# Visual Studio Version 17
VisualStudioVersion = 17.5.33424.131
MinimumVisualStudioVersion = 10.0.40219.1
Project("{FAE04EC0-301F-11D3-BF4B-00C04F79EFBC}") = "Line_Comparision_Problems", "Line_Comparision_Problems\Line_Comparision_Problems.csproj", "{8DEBE556-8113-4F97-8E78-353AB418D668}"
EndProject
Global
	GlobalSection(SolutionConfigurationPlatforms) = preSolution
		Debug|Any CPU = Debug|Any CPU
		Release|Any CPU = Release|Any CPU
	EndGlobalSection
	GlobalSection(ProjectConfigurationPlatforms) = postSolution
		{8DEBE556-8113-4F97-8E78-353AB418D668}.Debug|Any CPU.ActiveCfg = Debug|Any CPU
		{8DEBE556-8113-4F97-8E78-353AB418D668}.Debug|Any CPU.Build.0 = Debug|Any CPU
		{8DEBE556-8113-4F97-8E78-353AB418D668}.Release|Any CPU.ActiveCfg = Release|Any CPU
		{8DEBE556-8113-4F97-8E78-353AB418D668}.Release|Any CPU.Build.0 = Release|Any CPU
	EndGlobalSection
	GlobalSection(SolutionProperties) = preSolution
		HideSolutionNode = FALSE
	EndGlobalSection
	GlobalSection(ExtensibilityGlobals) = postSolution
		SolutionGuid = {43E069BA-1FC7-4899-BDDD-B2CF7BAE7DE2}
	EndGlobalSection
EndGlobal
